# This file is autogenerated, do not edit; changes may be undone by the next 'dep ensure'.


[[projects]]
  name = "github.com/esimov/pigo"
  packages = ["core"]
  revision = "b8c07b835cabb54f6d1b101cc2fddd8cc2338fe7"
  version = "v1.1.0"

[[projects]]
  name = "github.com/esimov/stackblur-go"
  packages = ["."]
  revision = "00e727e3c7a94e76c5b98ec82678fa984e7a7165"
  version = "1.0.1"

[[projects]]
  name = "github.com/fogleman/gg"
  packages = ["."]
  revision = "0403632d5b905943a1c2a5b2763aaecd568467ec"
  version = "v1.3.0"

[[projects]]
  branch = "master"
  name = "github.com/golang/freetype"
  packages = [
    "raster",
    "truetype"
  ]
  revision = "e2365dfdc4a05e4b8299a783240d4a7d5a65d4e4"

[[projects]]
  branch = "master"
  name = "golang.org/x/image"
  packages = [
    "draw",
    "font",
    "font/basicfont",
    "font/plan9font",
    "math/f64",
    "math/fixed"
  ]
  revision = "f03afa92d3ffad9e5ff762aa549908afe674f01e"

[solve-meta]
  analyzer-name = "dep"
  analyzer-version = 1
  inputs-digest = "3d32c683d1756b1ac8f1fd160e61c7e7a0c2f7e07447d66c04a9d8b422251e4b"
  solver-name = "gps-cdcl"
  solver-version = 1
